{
	"requires": true,
	"lockfileVersion": 1,
	"dependencies": {
		"double-bits": {
			"version": "1.1.1",
			"resolved": "https://registry.npmjs.org/double-bits/-/double-bits-1.1.1.tgz",
			"integrity": "sha1-WKu6RUlNpND6Nrc60RoobJGEscY="
		},
		"nextafter": {
			"version": "1.0.0",
			"resolved": "https://registry.npmjs.org/nextafter/-/nextafter-1.0.0.tgz",
			"integrity": "sha1-t9d7U1MQ4+CX5gJauwqQNHfsGjo=",
			"requires": {
				"double-bits": "1.1.1"
			}
		}
	}
}
